
Microsoft Visual Studio Solution File, Format Version 12.00
# Visual Studio 15
Project("{FAE04EC0-301F-11D3-BF4B-00C04F79EFBC}") = "Assembly-CSharp", "Assembly-CSharp.csproj", "{F4A6DF35-DAEF-7A48-48D8-0BFE342F001A}"
EndProject
Project("{FAE04EC0-301F-11D3-BF4B-00C04F79EFBC}") = "Assembly-CSharp", "Assembly-CSharp.Player.csproj", "{7FC05DAD-4667-D16B-AB24-74475F44C16F}"
EndProject
Global
	GlobalSection(SolutionConfigurationPlatforms) = preSolution
		Debug|Any CPU = Debug|Any CPU
		Release|Any CPU = Release|Any CPU
	EndGlobalSection
	GlobalSection(ProjectConfigurationPlatforms) = postSolution
		{F4A6DF35-DAEF-7A48-48D8-0BFE342F001A}.Debug|Any CPU.ActiveCfg = Debug|Any CPU
		{F4A6DF35-DAEF-7A48-48D8-0BFE342F001A}.Debug|Any CPU.Build.0 = Debug|Any CPU
		{F4A6DF35-DAEF-7A48-48D8-0BFE342F001A}.Release|Any CPU.ActiveCfg = Release|Any CPU
		{F4A6DF35-DAEF-7A48-48D8-0BFE342F001A}.Release|Any CPU.Build.0 = Release|Any CPU
		{7FC05DAD-4667-D16B-AB24-74475F44C16F}.Debug|Any CPU.ActiveCfg = Debug|Any CPU
		{7FC05DAD-4667-D16B-AB24-74475F44C16F}.Debug|Any CPU.Build.0 = Debug|Any CPU
		{7FC05DAD-4667-D16B-AB24-74475F44C16F}.Release|Any CPU.ActiveCfg = Release|Any CPU
		{7FC05DAD-4667-D16B-AB24-74475F44C16F}.Release|Any CPU.Build.0 = Release|Any CPU
	EndGlobalSection
	GlobalSection(SolutionProperties) = preSolution
		HideSolutionNode = FALSE
	EndGlobalSection
EndGlobal
